
Microsoft Visual Studio Solution File, Format Version 12.00
# Visual Studio Version 17
VisualStudioVersion = 17.7.34031.279
MinimumVisualStudioVersion = 10.0.40219.1
Project("{FAE04EC0-301F-11D3-BF4B-00C04F79EFBC}") = "StudentBase", "StudentBase.csproj", "{13666373-8A11-4A54-9DE8-AD4A20C6D034}"
EndProject
Global
	GlobalSection(SolutionConfigurationPlatforms) = preSolution
		Debug|Any CPU = Debug|Any CPU
		Release|Any CPU = Release|Any CPU
	EndGlobalSection
	GlobalSection(ProjectConfigurationPlatforms) = postSolution
		{13666373-8A11-4A54-9DE8-AD4A20C6D034}.Debug|Any CPU.ActiveCfg = Debug|Any CPU
		{13666373-8A11-4A54-9DE8-AD4A20C6D034}.Debug|Any CPU.Build.0 = Debug|Any CPU
		{13666373-8A11-4A54-9DE8-AD4A20C6D034}.Release|Any CPU.ActiveCfg = Release|Any CPU
		{13666373-8A11-4A54-9DE8-AD4A20C6D034}.Release|Any CPU.Build.0 = Release|Any CPU
	EndGlobalSection
	GlobalSection(SolutionProperties) = preSolution
		HideSolutionNode = FALSE
	EndGlobalSection
	GlobalSection(ExtensibilityGlobals) = postSolution
		SolutionGuid = {87BF40C9-7C98-4A8C-88D9-2D56257CF306}
	EndGlobalSection
EndGlobal
